{
  "name": "hls",
  "lockfileVersion": 2,
  "requires": true,
  "packages": {
    "": {
      "dependencies": {
        "hls.js": "^1.1.5-0.canary.8383"
      }
    },
    "node_modules/hls.js": {
      "version": "1.1.5-0.canary.8383",
      "resolved": "https://registry.npmjs.org/hls.js/-/hls.js-1.1.5-0.canary.8383.tgz",
      "integrity": "sha512-pUQFPy70E9nxlVRv565ZF5LuUPKXKgpvmWlKYYyT5tVierpVFdU5d91Zs+TUHaErUKld2UineONatu5Q7xHjBg=="
    }
  },
  "dependencies": {
    "hls.js": {
      "version": "1.1.5-0.canary.8383",
      "resolved": "https://registry.npmjs.org/hls.js/-/hls.js-1.1.5-0.canary.8383.tgz",
      "integrity": "sha512-pUQFPy70E9nxlVRv565ZF5LuUPKXKgpvmWlKYYyT5tVierpVFdU5d91Zs+TUHaErUKld2UineONatu5Q7xHjBg=="
    }
  }
}
